
Microsoft Visual Studio Solution File, Format Version 12.00
# Visual Studio Version 16
VisualStudioVersion = 16.0.28922.388
MinimumVisualStudioVersion = 10.0.40219.1
Project("{FAE04EC0-301F-11D3-BF4B-00C04F79EFBC}") = "QuickBuy.Dominio", "QuickBuy.Dominio\QuickBuy.Dominio.csproj", "{DD2CA3D7-9951-4C24-B69C-2E71897BA1BF}"
EndProject
Project("{FAE04EC0-301F-11D3-BF4B-00C04F79EFBC}") = "QuickBuy.Repositorio", "QuickBuy.Repositorio\QuickBuy.Repositorio.csproj", "{2BC7DAF4-E6C5-4FD1-A63C-34125B31D15E}"
EndProject
Project("{FAE04EC0-301F-11D3-BF4B-00C04F79EFBC}") = "QuickBuy.Web", "QuickBuy.Web\QuickBuy.Web.csproj", "{E8DBC270-C818-4055-83CE-3450F495BA45}"
EndProject
Global
	GlobalSection(SolutionConfigurationPlatforms) = preSolution
		Debug|Any CPU = Debug|Any CPU
		Release|Any CPU = Release|Any CPU
	EndGlobalSection
	GlobalSection(ProjectConfigurationPlatforms) = postSolution
		{DD2CA3D7-9951-4C24-B69C-2E71897BA1BF}.Debug|Any CPU.ActiveCfg = Debug|Any CPU
		{DD2CA3D7-9951-4C24-B69C-2E71897BA1BF}.Debug|Any CPU.Build.0 = Debug|Any CPU
		{DD2CA3D7-9951-4C24-B69C-2E71897BA1BF}.Release|Any CPU.ActiveCfg = Release|Any CPU
		{DD2CA3D7-9951-4C24-B69C-2E71897BA1BF}.Release|Any CPU.Build.0 = Release|Any CPU
		{2BC7DAF4-E6C5-4FD1-A63C-34125B31D15E}.Debug|Any CPU.ActiveCfg = Debug|Any CPU
		{2BC7DAF4-E6C5-4FD1-A63C-34125B31D15E}.Debug|Any CPU.Build.0 = Debug|Any CPU
		{2BC7DAF4-E6C5-4FD1-A63C-34125B31D15E}.Release|Any CPU.ActiveCfg = Release|Any CPU
		{2BC7DAF4-E6C5-4FD1-A63C-34125B31D15E}.Release|Any CPU.Build.0 = Release|Any CPU
		{E8DBC270-C818-4055-83CE-3450F495BA45}.Debug|Any CPU.ActiveCfg = Debug|Any CPU
		{E8DBC270-C818-4055-83CE-3450F495BA45}.Debug|Any CPU.Build.0 = Debug|Any CPU
		{E8DBC270-C818-4055-83CE-3450F495BA45}.Release|Any CPU.ActiveCfg = Release|Any CPU
		{E8DBC270-C818-4055-83CE-3450F495BA45}.Release|Any CPU.Build.0 = Release|Any CPU
	EndGlobalSection
	GlobalSection(SolutionProperties) = preSolution
		HideSolutionNode = FALSE
	EndGlobalSection
	GlobalSection(ExtensibilityGlobals) = postSolution
		SolutionGuid = {6BA61CF8-5322-4260-BB1F-B86E5E9E2EBB}
	EndGlobalSection
EndGlobal
